
Microsoft Visual Studio Solution File, Format Version 12.00
# Visual Studio 14
VisualStudioVersion = 14.0.25420.1
MinimumVisualStudioVersion = 10.0.40219.1
Project("{FAE04EC0-301F-11D3-BF4B-00C04F79EFBC}") = "AddressBook", "Inlämningsuppgift1\AddressBook.csproj", "{416429BE-E2FB-42E5-9819-2469311F8E89}"
EndProject
Project("{2150E333-8FDC-42A3-9474-1A3956D46DE8}") = "SolutionItems", "SolutionItems", "{55C56F6C-D201-41D6-9D1D-512B5729A123}"
	ProjectSection(SolutionItems) = preProject
		Logg.txt = Logg.txt
	EndProjectSection
EndProject
Global
	GlobalSection(SolutionConfigurationPlatforms) = preSolution
		Debug|Any CPU = Debug|Any CPU
		Release|Any CPU = Release|Any CPU
	EndGlobalSection
	GlobalSection(ProjectConfigurationPlatforms) = postSolution
		{416429BE-E2FB-42E5-9819-2469311F8E89}.Debug|Any CPU.ActiveCfg = Debug|Any CPU
		{416429BE-E2FB-42E5-9819-2469311F8E89}.Debug|Any CPU.Build.0 = Debug|Any CPU
		{416429BE-E2FB-42E5-9819-2469311F8E89}.Release|Any CPU.ActiveCfg = Release|Any CPU
		{416429BE-E2FB-42E5-9819-2469311F8E89}.Release|Any CPU.Build.0 = Release|Any CPU
	EndGlobalSection
	GlobalSection(SolutionProperties) = preSolution
		HideSolutionNode = FALSE
	EndGlobalSection
EndGlobal
